{
  "id": "process.gf180",
  "pdk_source_revision": null,
  "open_pdks_revision": null,
  "volare_revision": null,
  "process_option": null,
  "metal_stack": null,
  "standard_cell_library": null,
  "io_library": null,
  "status": "unresolved",
  "reason": "A fabrication provider and accepted release have not been selected."
}
