{
  "schema_version": 1,
  "images": [
    {
      "role": "analog_open_flow",
      "name": "docker.io/hpretl/iic-osic-tools",
      "tag_observed": "2026.07",
      "platform": "linux/arm64",
      "index_digest": "sha256:5d6adf1f437cd0f2f8f8614488ec3c247ba8c768f4663a25d5e997b30ccb13b0",
      "digest": "sha256:89641950bbf247c522188629992b6271e391e38372ca0f8e3c850480874948a3",
      "compressed_layer_bytes": 3500630911,
      "local_image_id": "sha256:bd7a702bef0b85f5ebf67efca449f270fbeb185380ead204559fcd2457959305",
      "unpacked_image_bytes": 11368986417,
      "status": "qualified",
      "qualification_evidence": "run.01M06ATQMMZ2376DCPEADH0TBD",
      "scope": ["chain1_inverter"],
      "excludes": ["pdk_fabrication_qualification"]
    },
    {
      "role": "digital_open_flow_base",
      "name": "ghcr.io/librelane/librelane",
      "tag_observed": "3.0.5",
      "platform": "linux/arm64",
      "index_digest": "sha256:ecabd075d0ddf6a2bd1cd4a32109c7dbb861ec007f7e4e423a9a081f8d23b8e2",
      "digest": "sha256:d8f3de6a4b0563d8632ce317a84fdc5a88f3cad1d4409cdef5c8e983f1505012",
      "compressed_layer_bytes": 1468761934,
      "local_image_id": "sha256:ff52cafb05c8cef319d8e8c080af33f1f7a2210756c574921afb89c44481d866",
      "unpacked_image_bytes": 5568194487,
      "status": "version_probe_passed",
      "required_for_role_readiness": false,
      "qualification_evidence": "run.01M069Z030H8GK3NV04B6NZFSG",
      "scope": ["version_probe"]
    },
    {
      "role": "digital_open_flow",
      "name": "svalbard/librelane-gf180-canary",
      "tag_observed": "2026.08",
      "platform": "linux/arm64",
      "distribution": "local_build",
      "digest": "sha256:9253a51f5fdcc7202a164aa26274b4b95533ecdedeb7eb47d6605f5881bfef17",
      "local_image_id": "sha256:9253a51f5fdcc7202a164aa26274b4b95533ecdedeb7eb47d6605f5881bfef17",
      "unpacked_image_bytes": 6326310906,
      "base_image_digest": "sha256:d8f3de6a4b0563d8632ce317a84fdc5a88f3cad1d4409cdef5c8e983f1505012",
      "pdk_source_image_digest": "sha256:89641950bbf247c522188629992b6271e391e38372ca0f8e3c850480874948a3",
      "pdk_ciel_revision": "f6eeac7dad085ffcc829ccfd721f7b4ce39edcf7",
      "status": "qualified",
      "qualification_evidence": "run.01M06JNZJV6YWE9YHW8VTM9FBV",
      "scope": ["generic_core_rtl_to_gds", "generic_scan_rtl_to_gds", "generic_scan_functional_equivalence", "generic_stuck_at"],
      "excludes": ["project_rtl", "pads", "independent_atpg", "transition_faults", "sdf", "package_ir_em", "provider_precheck", "fabrication_qualification"]
    }
  ]
}
