{
  "schema_version": 1,
  "policy": "Evidence tools require exact versions and an immutable image digest.",
  "image": "docker.io/hpretl/iic-osic-tools@sha256:89641950bbf247c522188629992b6271e391e38372ca0f8e3c850480874948a3",
  "digital_image": "svalbard/librelane-gf180-canary@sha256:9253a51f5fdcc7202a164aa26274b4b95533ecdedeb7eb47d6605f5881bfef17",
  "tools": [
    {"role": "rtl_lint", "executable": "verible-verilog-lint", "version": "v0.0-4084-gf3e4d98b", "source_revision": "f3e4d98b"},
    {"role": "systemverilog_frontend", "executable": "slang", "version": "11.0.429+3c984ff9", "source_revision": "3c984ff9"},
    {"role": "formal_orchestration", "executable": "sby", "version": "v0.67-dirty", "source_revision": "embedded_image_build"},
    {"role": "formal_solver_yices", "executable": "/foss/tools/yosys/bin/yices-smt2", "version": "2.7.0", "source_revision": "05178c03ddf49c6bba63c5c7153774c11a5da12d"},
    {"role": "formal_solver_boolector", "executable": "/solvers/usr/bin/boolector", "version": "3.2.4", "source_revision": "YosysHQ ARM64 artifact sha256:0e67dd05acd11a0c0291239bf1ca905d2c7b04a10e1fe2b15ee6741bda5ec151"},
    {"role": "formal_solver_z3", "executable": "/solvers/usr/bin/z3", "version": "4.8.12", "source_revision": "Ubuntu 4.8.12-3.1build1 packages"},
    {"role": "schematic", "executable": "xschem", "version": "3.4.8RC", "source_revision": "b69f793f83383d4e59cdb66aa431375b5a9966cc"},
    {"role": "spice", "executable": "ngspice", "version": "46", "source_revision": "ngspice-46"},
    {"role": "layout", "executable": "magic", "version": "8.3.678", "source_revision": "8.3.678"},
    {"role": "layout_and_checks", "executable": "klayout", "version": "0.30.9", "source_revision": "v0.30.9"},
    {"role": "lvs", "executable": "netgen", "version": "1.5.323", "source_revision": "1.5.323"},
    {"role": "synthesis", "executable": "yosys", "version": "0.67", "source_revision": "v0.67"},
    {"role": "compiled_rtl_simulation", "executable": "verilator", "version": "5.050", "source_revision": "v5.050"},
    {"role": "rtl_simulation", "executable": "iverilog", "version": "14.0-devel", "source_revision": "eda9fdcd13d7566b9aab29a8a098e2f4189ea3f3"},
    {"role": "python_cosimulation", "executable": "cocotb-config", "version": "2.0.1", "source_revision": "image_python_distribution"},
    {"role": "python_test_runner", "executable": "pytest", "version": "9.1.1", "source_revision": "image_python_distribution"},
    {"role": "static_timing", "executable": "sta", "version": "3.1.0", "source_revision": "image_build"},
    {"role": "physical_implementation", "executable": "openroad", "version": "26Q3-850-gc74892e7b", "source_revision": "c74892e7b314c6d7932ca56c76942ee81103715a"},
    {"role": "digital_flow_orchestration", "executable": "librelane", "version": "3.0.5", "source_revision": "PyPI distribution in locked digital image"},
    {"role": "gf180_synthesis", "executable": "yosys", "version": "0.62", "source_revision": "7326bb7d6641500ecb285c291a54a662cb1e76cf"},
    {"role": "gf180_static_timing", "executable": "sta", "version": "2.7.0", "source_revision": "locked digital image build"},
    {"role": "gf180_physical_implementation_and_extraction", "executable": "openroad", "version": "dcf36133a369abc8f3c5e5738cd4d82e4903c0e0", "source_revision": "dcf36133a369abc8f3c5e5738cd4d82e4903c0e0"},
    {"role": "gf180_magic_drc", "executable": "magic", "version": "8.3.623", "source_revision": "locked digital image build"},
    {"role": "gf180_klayout_drc_and_xor", "executable": "klayout", "version": "0.30.7", "source_revision": "locked digital image build"},
    {"role": "gf180_lvs", "executable": "netgen", "version": "1.5.316", "source_revision": "locked digital image build"},
    {"role": "gf180_powered_gate_simulation", "executable": "iverilog", "version": "13.0-devel", "source_revision": "locked digital image build"}
  ],
  "status": "partial_role_qualification",
  "qualification_note": "The Chain 1 inverter, upstream BFM, generic RTL/formal canaries, and generic GF180 digital core canary qualify only their recorded behaviors. Yices, Boolector, and Z3 independently passed the generic formal canary. The GF180 canary passed synthesis, nine-corner STA, physical implementation, extraction, DRC, XOR, LVS, power-grid connectivity, powered zero-delay gate simulation, scan-cell replacement, one-chain stitching, and scan-shift/functional-handoff simulation. ATPG/coverage, scan-inserted physical closure, SDF, package-aware IR/EM, project RTL, provider precheck, and fabrication qualification remain open."
}
