{
  "schema_version": 1,
  "policy": "Evidence tools require exact versions and an immutable image digest.",
  "image": "docker.io/hpretl/iic-osic-tools@sha256:89641950bbf247c522188629992b6271e391e38372ca0f8e3c850480874948a3",
  "tools": [
    {"role": "schematic", "executable": "xschem", "version": "3.4.8RC", "source_revision": "b69f793f83383d4e59cdb66aa431375b5a9966cc"},
    {"role": "spice", "executable": "ngspice", "version": "46", "source_revision": "ngspice-46"},
    {"role": "layout", "executable": "magic", "version": "8.3.678", "source_revision": "8.3.678"},
    {"role": "layout_and_checks", "executable": "klayout", "version": "0.30.9", "source_revision": "v0.30.9"},
    {"role": "lvs", "executable": "netgen", "version": "1.5.323", "source_revision": "1.5.323"},
    {"role": "synthesis", "executable": "yosys", "version": "0.67", "source_revision": "v0.67"},
    {"role": "compiled_rtl_simulation", "executable": "verilator", "version": "5.050", "source_revision": "v5.050"},
    {"role": "rtl_simulation", "executable": "iverilog", "version": "14.0-devel", "source_revision": "eda9fdcd13d7566b9aab29a8a098e2f4189ea3f3"},
    {"role": "physical_implementation", "executable": "openroad", "version": "26Q3-850-gc74892e7b", "source_revision": "c74892e7b314c6d7932ca56c76942ee81103715a"}
  ],
  "status": "version_probe_passed",
  "qualification_note": "Presence and identity only. Role qualification requires representative checked flows and correlation."
}
